version = 1
revision = 1
requires-python = ">=3.8"
resolution-markers = [
    "python_full_version >= '3.9'",
    "python_full_version < '3.9'",
]

[[package]]
name = "asgiref"
version = "3.5.2"
source = { registry = "https://pypi.org/simple" }
sdist = { url = "https://files.pythonhosted.org/packages/1f/35/e7d59b92ceffb1dc62c65156278de378670b46ab2364a3ea7216fe194ba3/asgiref-3.5.2.tar.gz", hash = "sha256:4a29362a6acebe09bf1d6640db38c1dc3d9217c68e6f9f6204d72667fc19a424", size = 32352 }
wheels = [
    { url = "https://files.pythonhosted.org/packages/af/6d/ea3a5c3027c3f14b0321cd4f7e594c776ebe64e4b927432ca6917512a4f7/asgiref-3.5.2-py3-none-any.whl", hash = "sha256:1d2880b792ae8757289136f1db2b7b99100ce959b2aa57fd69dab783d05afac4", size = 22881 },
]

[[package]]
name = "backports-zoneinfo"
version = "0.2.1"
source = { registry = "https://pypi.org/simple" }
sdist = { url = "https://files.pythonhosted.org/packages/ad/85/475e514c3140937cf435954f78dedea1861aeab7662d11de232bdaa90655/backports.zoneinfo-0.2.1.tar.gz", hash = "sha256:fadbfe37f74051d024037f223b8e001611eac868b5c5b06144ef4d8b799862f2", size = 74098 }
wheels = [
    { url = "https://files.pythonhosted.org/packages/4a/6d/eca004eeadcbf8bd64cc96feb9e355536147f0577420b44d80c7cac70767/backports.zoneinfo-0.2.1-cp38-cp38-macosx_10_14_x86_64.whl", hash = "sha256:8961c0f32cd0336fb8e8ead11a1f8cd99ec07145ec2931122faaac1c8f7fd987", size = 35816 },
    { url = "https://files.pythonhosted.org/packages/c1/8f/9b1b920a6a95652463143943fa3b8c000cb0b932ab463764a6f2a2416560/backports.zoneinfo-0.2.1-cp38-cp38-manylinux1_i686.whl", hash = "sha256:e81b76cace8eda1fca50e345242ba977f9be6ae3945af8d46326d776b4cf78d1", size = 72147 },
    { url = "https://files.pythonhosted.org/packages/1a/ab/3e941e3fcf1b7d3ab3d0233194d99d6a0ed6b24f8f956fc81e47edc8c079/backports.zoneinfo-0.2.1-cp38-cp38-manylinux1_x86_64.whl", hash = "sha256:7b0a64cda4145548fed9efc10322770f929b944ce5cee6c0dfe0c87bf4c0c8c9", size = 74033 },
    { url = "https://files.pythonhosted.org/packages/c0/34/5fdb0a3a28841d215c255be8fc60b8666257bb6632193c86fd04b63d4a31/backports.zoneinfo-0.2.1-cp38-cp38-win32.whl", hash = "sha256:1b13e654a55cd45672cb54ed12148cd33628f672548f373963b0bff67b217328", size = 36803 },
    { url = "https://files.pythonhosted.org/packages/78/cc/e27fd6493bbce8dbea7e6c1bc861fe3d3bc22c4f7c81f4c3befb8ff5bfaf/backports.zoneinfo-0.2.1-cp38-cp38-win_amd64.whl", hash = "sha256:4a0f800587060bf8880f954dbef70de6c11bbe59c673c3d818921f042f9954a6", size = 38967 },
]

[[package]]
name = "coverage"
version = "7.6.1"
source = { registry = "https://pypi.org/simple" }
resolution-markers = [
    "python_full_version < '3.9'",
]
sdist = { url = "https://files.pythonhosted.org/packages/f7/08/7e37f82e4d1aead42a7443ff06a1e406aabf7302c4f00a546e4b320b994c/coverage-7.6.1.tar.gz", hash = "sha256:953510dfb7b12ab69d20135a0662397f077c59b1e6379a768e97c59d852ee51d", size = 798791 }
wheels = [
    { url = "https://files.pythonhosted.org/packages/7e/61/eb7ce5ed62bacf21beca4937a90fe32545c91a3c8a42a30c6616d48fc70d/coverage-7.6.1-cp310-cp310-macosx_10_9_x86_64.whl", hash = "sha256:b06079abebbc0e89e6163b8e8f0e16270124c154dc6e4a47b413dd538859af16", size = 206690 },
    { url = "https://files.pythonhosted.org/packages/7d/73/041928e434442bd3afde5584bdc3f932fb4562b1597629f537387cec6f3d/coverage-7.6.1-cp310-cp310-macosx_11_0_arm64.whl", hash = "sha256:cf4b19715bccd7ee27b6b120e7e9dd56037b9c0681dcc1adc9ba9db3d417fa36", size = 207127 },
    { url = "https://files.pythonhosted.org/packages/c7/c8/6ca52b5147828e45ad0242388477fdb90df2c6cbb9a441701a12b3c71bc8/coverage-7.6.1-cp310-cp310-manylinux_2_17_aarch64.manylinux2014_aarch64.whl", hash = "sha256:e61c0abb4c85b095a784ef23fdd4aede7a2628478e7baba7c5e3deba61070a02", size = 235654 },
    { url = "https://files.pythonhosted.org/packages/d5/da/9ac2b62557f4340270942011d6efeab9833648380109e897d48ab7c1035d/coverage-7.6.1-cp310-cp310-manylinux_2_5_i686.manylinux1_i686.manylinux_2_17_i686.manylinux2014_i686.whl", hash = "sha256:fd21f6ae3f08b41004dfb433fa895d858f3f5979e7762d052b12aef444e29afc", size = 233598 },
    { url = "https://files.pythonhosted.org/packages/53/23/9e2c114d0178abc42b6d8d5281f651a8e6519abfa0ef460a00a91f80879d/coverage-7.6.1-cp310-cp310-manylinux_2_5_x86_64.manylinux1_x86_64.manylinux_2_17_x86_64.manylinux2014_x86_64.whl", hash = "sha256:8f59d57baca39b32db42b83b2a7ba6f47ad9c394ec2076b084c3f029b7afca23", size = 234732 },
    { url = "https://files.pythonhosted.org/packages/0f/7e/a0230756fb133343a52716e8b855045f13342b70e48e8ad41d8a0d60ab98/coverage-7.6.1-cp310-cp310-musllinux_1_2_aarch64.whl", hash = "sha256:a1ac0ae2b8bd743b88ed0502544847c3053d7171a3cff9228af618a068ed9c34", size = 233816 },
    { url = "https://files.pythonhosted.org/packages/28/7c/3753c8b40d232b1e5eeaed798c875537cf3cb183fb5041017c1fdb7ec14e/coverage-7.6.1-cp310-cp310-musllinux_1_2_i686.whl", hash = "sha256:e6a08c0be454c3b3beb105c0596ebdc2371fab6bb90c0c0297f4e58fd7e1012c", size = 232325 },
    { url = "https://files.pythonhosted.org/packages/57/e3/818a2b2af5b7573b4b82cf3e9f137ab158c90ea750a8f053716a32f20f06/coverage-7.6.1-cp310-cp310-musllinux_1_2_x86_64.whl", hash = "sha256:f5796e664fe802da4f57a168c85359a8fbf3eab5e55cd4e4569fbacecc903959", size = 233418 },
    { url = "https://files.pythonhosted.org/packages/c8/fb/4532b0b0cefb3f06d201648715e03b0feb822907edab3935112b61b885e2/coverage-7.6.1-cp310-cp310-win32.whl", hash = "sha256:7bb65125fcbef8d989fa1dd0e8a060999497629ca5b0efbca209588a73356232", size = 209343 },
    { url = "https://files.pythonhosted.org/packages/5a/25/af337cc7421eca1c187cc9c315f0a755d48e755d2853715bfe8c418a45fa/coverage-7.6.1-cp310-cp310-win_amd64.whl", hash = "sha256:3115a95daa9bdba70aea750db7b96b37259a81a709223c8448fa97727d546fe0", size = 210136 },
    { url = "https://files.pythonhosted.org/packages/ad/5f/67af7d60d7e8ce61a4e2ddcd1bd5fb787180c8d0ae0fbd073f903b3dd95d/coverage-7.6.1-cp311-cp311-macosx_10_9_x86_64.whl", hash = "sha256:7dea0889685db8550f839fa202744652e87c60015029ce3f60e006f8c4462c93", size = 206796 },
    { url = "https://files.pythonhosted.org/packages/e1/0e/e52332389e057daa2e03be1fbfef25bb4d626b37d12ed42ae6281d0a274c/coverage-7.6.1-cp311-cp311-macosx_11_0_arm64.whl", hash = "sha256:ed37bd3c3b063412f7620464a9ac1314d33100329f39799255fb8d3027da50d3", size = 207244 },
    { url = "https://files.pythonhosted.org/packages/aa/cd/766b45fb6e090f20f8927d9c7cb34237d41c73a939358bc881883fd3a40d/coverage-7.6.1-cp311-cp311-manylinux_2_17_aarch64.manylinux2014_aarch64.whl", hash = "sha256:d85f5e9a5f8b73e2350097c3756ef7e785f55bd71205defa0bfdaf96c31616ff", size = 239279 },
    { url = "https://files.pythonhosted.org/packages/70/6c/a9ccd6fe50ddaf13442a1e2dd519ca805cbe0f1fcd377fba6d8339b98ccb/coverage-7.6.1-cp311-cp311-manylinux_2_5_i686.manylinux1_i686.manylinux_2_17_i686.manylinux2014_i686.whl", hash = "sha256:9bc572be474cafb617672c43fe989d6e48d3c83af02ce8de73fff1c6bb3c198d", size = 236859 },
    { url = "https://files.pythonhosted.org/packages/14/6f/8351b465febb4dbc1ca9929505202db909c5a635c6fdf33e089bbc3d7d85/coverage-7.6.1-cp311-cp311-manylinux_2_5_x86_64.manylinux1_x86_64.manylinux_2_17_x86_64.manylinux2014_x86_64.whl", hash = "sha256:0c0420b573964c760df9e9e86d1a9a622d0d27f417e1a949a8a66dd7bcee7bc6", size = 238549 },
    { url = "https://files.pythonhosted.org/packages/68/3c/289b81fa18ad72138e6d78c4c11a82b5378a312c0e467e2f6b495c260907/coverage-7.6.1-cp311-cp311-musllinux_1_2_aarch64.whl", hash = "sha256:1f4aa8219db826ce6be7099d559f8ec311549bfc4046f7f9fe9b5cea5c581c56", size = 237477 },
    { url = "https://files.pythonhosted.org/packages/ed/1c/aa1efa6459d822bd72c4abc0b9418cf268de3f60eeccd65dc4988553bd8d/coverage-7.6.1-cp311-cp311-musllinux_1_2_i686.whl", hash = "sha256:fc5a77d0c516700ebad189b587de289a20a78324bc54baee03dd486f0855d234", size = 236134 },
    { url = "https://files.pythonhosted.org/packages/fb/c8/521c698f2d2796565fe9c789c2ee1ccdae610b3aa20b9b2ef980cc253640/coverage-7.6.1-cp311-cp311-musllinux_1_2_x86_64.whl", hash = "sha256:b48f312cca9621272ae49008c7f613337c53fadca647d6384cc129d2996d1133", size = 236910 },
    { url = "https://files.pythonhosted.org/packages/7d/30/033e663399ff17dca90d793ee8a2ea2890e7fdf085da58d82468b4220bf7/coverage-7.6.1-cp311-cp311-win32.whl", hash = "sha256:1125ca0e5fd475cbbba3bb67ae20bd2c23a98fac4e32412883f9bcbaa81c314c", size = 209348 },
    { url = "https://files.pythonhosted.org/packages/20/05/0d1ccbb52727ccdadaa3ff37e4d2dc1cd4d47f0c3df9eb58d9ec8508ca88/coverage-7.6.1-cp311-cp311-win_amd64.whl", hash = "sha256:8ae539519c4c040c5ffd0632784e21b2f03fc1340752af711f33e5be83a9d6c6", size = 210230 },
    { url = "https://files.pythonhosted.org/packages/7e/d4/300fc921dff243cd518c7db3a4c614b7e4b2431b0d1145c1e274fd99bd70/coverage-7.6.1-cp312-cp312-macosx_10_9_x86_64.whl", hash = "sha256:95cae0efeb032af8458fc27d191f85d1717b1d4e49f7cb226cf526ff28179778", size = 206983 },
    { url = "https://files.pythonhosted.org/packages/e1/ab/6bf00de5327ecb8db205f9ae596885417a31535eeda6e7b99463108782e1/coverage-7.6.1-cp312-cp312-macosx_11_0_arm64.whl", hash = "sha256:5621a9175cf9d0b0c84c2ef2b12e9f5f5071357c4d2ea6ca1cf01814f45d2391", size = 207221 },
    { url = "https://files.pythonhosted.org/packages/92/8f/2ead05e735022d1a7f3a0a683ac7f737de14850395a826192f0288703472/coverage-7.6.1-cp312-cp312-manylinux_2_17_aarch64.manylinux2014_aarch64.whl", hash = "sha256:260933720fdcd75340e7dbe9060655aff3af1f0c5d20f46b57f262ab6c86a5e8", size = 240342 },
    { url = "https://files.pythonhosted.org/packages/0f/ef/94043e478201ffa85b8ae2d2c79b4081e5a1b73438aafafccf3e9bafb6b5/coverage-7.6.1-cp312-cp312-manylinux_2_5_i686.manylinux1_i686.manylinux_2_17_i686.manylinux2014_i686.whl", hash = "sha256:07e2ca0ad381b91350c0ed49d52699b625aab2b44b65e1b4e02fa9df0e92ad2d", size = 237371 },
    { url = "https://files.pythonhosted.org/packages/1f/0f/c890339dd605f3ebc269543247bdd43b703cce6825b5ed42ff5f2d6122c7/coverage-7.6.1-cp312-cp312-manylinux_2_5_x86_64.manylinux1_x86_64.manylinux_2_17_x86_64.manylinux2014_x86_64.whl", hash = "sha256:c44fee9975f04b33331cb8eb272827111efc8930cfd582e0320613263ca849ca", size = 239455 },
    { url = "https://files.pythonhosted.org/packages/d1/04/7fd7b39ec7372a04efb0f70c70e35857a99b6a9188b5205efb4c77d6a57a/coverage-7.6.1-cp312-cp312-musllinux_1_2_aarch64.whl", hash = "sha256:877abb17e6339d96bf08e7a622d05095e72b71f8afd8a9fefc82cf30ed944163", size = 238924 },
    { url = "https://files.pythonhosted.org/packages/ed/bf/73ce346a9d32a09cf369f14d2a06651329c984e106f5992c89579d25b27e/coverage-7.6.1-cp312-cp312-musllinux_1_2_i686.whl", hash = "sha256:3e0cadcf6733c09154b461f1ca72d5416635e5e4ec4e536192180d34ec160f8a", size = 237252 },
    { url = "https://files.pythonhosted.org/packages/86/74/1dc7a20969725e917b1e07fe71a955eb34bc606b938316bcc799f228374b/coverage-7.6.1-cp312-cp312-musllinux_1_2_x86_64.whl", hash = "sha256:c3c02d12f837d9683e5ab2f3d9844dc57655b92c74e286c262e0fc54213c216d", size = 238897 },
    { url = "https://files.pythonhosted.org/packages/b6/e9/d9cc3deceb361c491b81005c668578b0dfa51eed02cd081620e9a62f24ec/coverage-7.6.1-cp312-cp312-win32.whl", hash = "sha256:e05882b70b87a18d937ca6768ff33cc3f72847cbc4de4491c8e73880766718e5", size = 209606 },
    { url = "https://files.pythonhosted.org/packages/47/c8/5a2e41922ea6740f77d555c4d47544acd7dc3f251fe14199c09c0f5958d3/coverage-7.6.1-cp312-cp312-win_amd64.whl", hash = "sha256:b5d7b556859dd85f3a541db6a4e0167b86e7273e1cdc973e5b175166bb634fdb", size = 210373 },
    { url = "https://files.pythonhosted.org/packages/8c/f9/9aa4dfb751cb01c949c990d136a0f92027fbcc5781c6e921df1cb1563f20/coverage-7.6.1-cp313-cp313-macosx_10_13_x86_64.whl", hash = "sha256:a4acd025ecc06185ba2b801f2de85546e0b8ac787cf9d3b06e7e2a69f925b106", size = 207007 },
    { url = "https://files.pythonhosted.org/packages/b9/67/e1413d5a8591622a46dd04ff80873b04c849268831ed5c304c16433e7e30/coverage-7.6.1-cp313-cp313-macosx_11_0_arm64.whl", hash = "sha256:a6d3adcf24b624a7b778533480e32434a39ad8fa30c315208f6d3e5542aeb6e9", size = 207269 },
    { url = "https://files.pythonhosted.org/packages/14/5b/9dec847b305e44a5634d0fb8498d135ab1d88330482b74065fcec0622224/coverage-7.6.1-cp313-cp313-manylinux_2_17_aarch64.manylinux2014_aarch64.whl", hash = "sha256:d0c212c49b6c10e6951362f7c6df3329f04c2b1c28499563d4035d964ab8e08c", size = 239886 },
    { url = "https://files.pythonhosted.org/packages/7b/b7/35760a67c168e29f454928f51f970342d23cf75a2bb0323e0f07334c85f3/coverage-7.6.1-cp313-cp313-manylinux_2_5_i686.manylinux1_i686.manylinux_2_17_i686.manylinux2014_i686.whl", hash = "sha256:6e81d7a3e58882450ec4186ca59a3f20a5d4440f25b1cff6f0902ad890e6748a", size = 237037 },
    { url = "https://files.pythonhosted.org/packages/f7/95/d2fd31f1d638df806cae59d7daea5abf2b15b5234016a5ebb502c2f3f7ee/coverage-7.6.1-cp313-cp313-manylinux_2_5_x86_64.manylinux1_x86_64.manylinux_2_17_x86_64.manylinux2014_x86_64.whl", hash = "sha256:78b260de9790fd81e69401c2dc8b17da47c8038176a79092a89cb2b7d945d060", size = 239038 },
    { url = "https://files.pythonhosted.org/packages/6e/bd/110689ff5752b67924efd5e2aedf5190cbbe245fc81b8dec1abaffba619d/coverage-7.6.1-cp313-cp313-musllinux_1_2_aarch64.whl", hash = "sha256:a78d169acd38300060b28d600344a803628c3fd585c912cacc9ea8790fe96862", size = 238690 },
    { url = "https://files.pythonhosted.org/packages/d3/a8/08d7b38e6ff8df52331c83130d0ab92d9c9a8b5462f9e99c9f051a4ae206/coverage-7.6.1-cp313-cp313-musllinux_1_2_i686.whl", hash = "sha256:2c09f4ce52cb99dd7505cd0fc8e0e37c77b87f46bc9c1eb03fe3bc9991085388", size = 236765 },
    { url = "https://files.pythonhosted.org/packages/d6/6a/9cf96839d3147d55ae713eb2d877f4d777e7dc5ba2bce227167d0118dfe8/coverage-7.6.1-cp313-cp313-musllinux_1_2_x86_64.whl", hash = "sha256:6878ef48d4227aace338d88c48738a4258213cd7b74fd9a3d4d7582bb1d8a155", size = 238611 },
    { url = "https://files.pythonhosted.org/packages/74/e4/7ff20d6a0b59eeaab40b3140a71e38cf52547ba21dbcf1d79c5a32bba61b/coverage-7.6.1-cp313-cp313-win32.whl", hash = "sha256:44df346d5215a8c0e360307d46ffaabe0f5d3502c8a1cefd700b34baf31d411a", size = 209671 },
    { url = "https://files.pythonhosted.org/packages/35/59/1812f08a85b57c9fdb6d0b383d779e47b6f643bc278ed682859512517e83/coverage-7.6.1-cp313-cp313-win_amd64.whl", hash = "sha256:8284cf8c0dd272a247bc154eb6c95548722dce90d098c17a883ed36e67cdb129", size = 210368 },
    { url = "https://files.pythonhosted.org/packages/9c/15/08913be1c59d7562a3e39fce20661a98c0a3f59d5754312899acc6cb8a2d/coverage-7.6.1-cp313-cp313t-macosx_10_13_x86_64.whl", hash = "sha256:d3296782ca4eab572a1a4eca686d8bfb00226300dcefdf43faa25b5242ab8a3e", size = 207758 },
    { url = "https://files.pythonhosted.org/packages/c4/ae/b5d58dff26cade02ada6ca612a76447acd69dccdbb3a478e9e088eb3d4b9/coverage-7.6.1-cp313-cp313t-macosx_11_0_arm64.whl", hash = "sha256:502753043567491d3ff6d08629270127e0c31d4184c4c8d98f92c26f65019962", size = 208035 },
    { url = "https://files.pythonhosted.org/packages/b8/d7/62095e355ec0613b08dfb19206ce3033a0eedb6f4a67af5ed267a8800642/coverage-7.6.1-cp313-cp313t-manylinux_2_17_aarch64.manylinux2014_aarch64.whl", hash = "sha256:6a89ecca80709d4076b95f89f308544ec8f7b4727e8a547913a35f16717856cb", size = 250839 },
    { url = "https://files.pythonhosted.org/packages/7c/1e/c2967cb7991b112ba3766df0d9c21de46b476d103e32bb401b1b2adf3380/coverage-7.6.1-cp313-cp313t-manylinux_2_5_i686.manylinux1_i686.manylinux_2_17_i686.manylinux2014_i686.whl", hash = "sha256:a318d68e92e80af8b00fa99609796fdbcdfef3629c77c6283566c6f02c6d6704", size = 246569 },
    { url = "https://files.pythonhosted.org/packages/8b/61/a7a6a55dd266007ed3b1df7a3386a0d760d014542d72f7c2c6938483b7bd/coverage-7.6.1-cp313-cp313t-manylinux_2_5_x86_64.manylinux1_x86_64.manylinux_2_17_x86_64.manylinux2014_x86_64.whl", hash = "sha256:13b0a73a0896988f053e4fbb7de6d93388e6dd292b0d87ee51d106f2c11b465b", size = 248927 },
    { url = "https://files.pythonhosted.org/packages/c8/fa/13a6f56d72b429f56ef612eb3bc5ce1b75b7ee12864b3bd12526ab794847/coverage-7.6.1-cp313-cp313t-musllinux_1_2_aarch64.whl", hash = "sha256:4421712dbfc5562150f7554f13dde997a2e932a6b5f352edcce948a815efee6f", size = 248401 },
    { url = "https://files.pythonhosted.org/packages/75/06/0429c652aa0fb761fc60e8c6b291338c9173c6aa0f4e40e1902345b42830/coverage-7.6.1-cp313-cp313t-musllinux_1_2_i686.whl", hash = "sha256:166811d20dfea725e2e4baa71fffd6c968a958577848d2131f39b60043400223", size = 246301 },
    { url = "https://files.pythonhosted.org/packages/52/76/1766bb8b803a88f93c3a2d07e30ffa359467810e5cbc68e375ebe6906efb/coverage-7.6.1-cp313-cp313t-musllinux_1_2_x86_64.whl", hash = "sha256:225667980479a17db1048cb2bf8bfb39b8e5be8f164b8f6628b64f78a72cf9d3", size = 247598 },
    { url = "https://files.pythonhosted.org/packages/66/8b/f54f8db2ae17188be9566e8166ac6df105c1c611e25da755738025708d54/coverage-7.6.1-cp313-cp313t-win32.whl", hash = "sha256:170d444ab405852903b7d04ea9ae9b98f98ab6d7e63e1115e82620807519797f", size = 210307 },
    { url = "https://files.pythonhosted.org/packages/9f/b0/e0dca6da9170aefc07515cce067b97178cefafb512d00a87a1c717d2efd5/coverage-7.6.1-cp313-cp313t-win_amd64.whl", hash = "sha256:b9f222de8cded79c49bf184bdbc06630d4c58eec9459b939b4a690c82ed05657", size = 211453 },
    { url = "https://files.pythonhosted.org/packages/81/d0/d9e3d554e38beea5a2e22178ddb16587dbcbe9a1ef3211f55733924bf7fa/coverage-7.6.1-cp38-cp38-macosx_10_9_x86_64.whl", hash = "sha256:6db04803b6c7291985a761004e9060b2bca08da6d04f26a7f2294b8623a0c1a0", size = 206674 },
    { url = "https://files.pythonhosted.org/packages/38/ea/cab2dc248d9f45b2b7f9f1f596a4d75a435cb364437c61b51d2eb33ceb0e/coverage-7.6.1-cp38-cp38-macosx_11_0_arm64.whl", hash = "sha256:f1adfc8ac319e1a348af294106bc6a8458a0f1633cc62a1446aebc30c5fa186a", size = 207101 },
    { url = "https://files.pythonhosted.org/packages/ca/6f/f82f9a500c7c5722368978a5390c418d2a4d083ef955309a8748ecaa8920/coverage-7.6.1-cp38-cp38-manylinux_2_17_aarch64.manylinux2014_aarch64.whl", hash = "sha256:a95324a9de9650a729239daea117df21f4b9868ce32e63f8b650ebe6cef5595b", size = 236554 },
    { url = "https://files.pythonhosted.org/packages/a6/94/d3055aa33d4e7e733d8fa309d9adf147b4b06a82c1346366fc15a2b1d5fa/coverage-7.6.1-cp38-cp38-manylinux_2_5_i686.manylinux1_i686.manylinux_2_17_i686.manylinux2014_i686.whl", hash = "sha256:b43c03669dc4618ec25270b06ecd3ee4fa94c7f9b3c14bae6571ca00ef98b0d3", size = 234440 },
    { url = "https://files.pythonhosted.org/packages/e4/6e/885bcd787d9dd674de4a7d8ec83faf729534c63d05d51d45d4fa168f7102/coverage-7.6.1-cp38-cp38-manylinux_2_5_x86_64.manylinux1_x86_64.manylinux_2_17_x86_64.manylinux2014_x86_64.whl", hash = "sha256:8929543a7192c13d177b770008bc4e8119f2e1f881d563fc6b6305d2d0ebe9de", size = 235889 },
    { url = "https://files.pythonhosted.org/packages/f4/63/df50120a7744492710854860783d6819ff23e482dee15462c9a833cc428a/coverage-7.6.1-cp38-cp38-musllinux_1_2_aarch64.whl", hash = "sha256:a09ece4a69cf399510c8ab25e0950d9cf2b42f7b3cb0374f95d2e2ff594478a6", size = 235142 },
    { url = "https://files.pythonhosted.org/packages/3a/5d/9d0acfcded2b3e9ce1c7923ca52ccc00c78a74e112fc2aee661125b7843b/coverage-7.6.1-cp38-cp38-musllinux_1_2_i686.whl", hash = "sha256:9054a0754de38d9dbd01a46621636689124d666bad1936d76c0341f7d71bf569", size = 233805 },
    { url = "https://files.pythonhosted.org/packages/c4/56/50abf070cb3cd9b1dd32f2c88f083aab561ecbffbcd783275cb51c17f11d/coverage-7.6.1-cp38-cp38-musllinux_1_2_x86_64.whl", hash = "sha256:0dbde0f4aa9a16fa4d754356a8f2e36296ff4d83994b2c9d8398aa32f222f989", size = 234655 },
    { url = "https://files.pythonhosted.org/packages/25/ee/b4c246048b8485f85a2426ef4abab88e48c6e80c74e964bea5cd4cd4b115/coverage-7.6.1-cp38-cp38-win32.whl", hash = "sha256:da511e6ad4f7323ee5702e6633085fb76c2f893aaf8ce4c51a0ba4fc07580ea7", size = 209296 },
    { url = "https://files.pythonhosted.org/packages/5c/1c/96cf86b70b69ea2b12924cdf7cabb8ad10e6130eab8d767a1099fbd2a44f/coverage-7.6.1-cp38-cp38-win_amd64.whl", hash = "sha256:3f1156e3e8f2872197af3840d8ad307a9dd18e615dc64d9ee41696f287c57ad8", size = 210137 },
    { url = "https://files.pythonhosted.org/packages/19/d3/d54c5aa83268779d54c86deb39c1c4566e5d45c155369ca152765f8db413/coverage-7.6.1-cp39-cp39-macosx_10_9_x86_64.whl", hash = "sha256:abd5fd0db5f4dc9289408aaf34908072f805ff7792632250dcb36dc591d24255", size = 206688 },
    { url = "https://files.pythonhosted.org/packages/a5/fe/137d5dca72e4a258b1bc17bb04f2e0196898fe495843402ce826a7419fe3/coverage-7.6.1-cp39-cp39-macosx_11_0_arm64.whl", hash = "sha256:547f45fa1a93154bd82050a7f3cddbc1a7a4dd2a9bf5cb7d06f4ae29fe94eaf8", size = 207120 },
    { url = "https://files.pythonhosted.org/packages/78/5b/a0a796983f3201ff5485323b225d7c8b74ce30c11f456017e23d8e8d1945/coverage-7.6.1-cp39-cp39-manylinux_2_17_aarch64.manylinux2014_aarch64.whl", hash = "sha256:645786266c8f18a931b65bfcefdbf6952dd0dea98feee39bd188607a9d307ed2", size = 235249 },
    { url = "https://files.pythonhosted.org/packages/4e/e1/76089d6a5ef9d68f018f65411fcdaaeb0141b504587b901d74e8587606ad/coverage-7.6.1-cp39-cp39-manylinux_2_5_i686.manylinux1_i686.manylinux_2_17_i686.manylinux2014_i686.whl", hash = "sha256:9e0b2df163b8ed01d515807af24f63de04bebcecbd6c3bfeff88385789fdf75a", size = 233237 },
    { url = "https://files.pythonhosted.org/packages/9a/6f/eef79b779a540326fee9520e5542a8b428cc3bfa8b7c8f1022c1ee4fc66c/coverage-7.6.1-cp39-cp39-manylinux_2_5_x86_64.manylinux1_x86_64.manylinux_2_17_x86_64.manylinux2014_x86_64.whl", hash = "sha256:609b06f178fe8e9f89ef676532760ec0b4deea15e9969bf754b37f7c40326dbc", size = 234311 },
    { url = "https://files.pythonhosted.org/packages/75/e1/656d65fb126c29a494ef964005702b012f3498db1a30dd562958e85a4049/coverage-7.6.1-cp39-cp39-musllinux_1_2_aarch64.whl", hash = "sha256:702855feff378050ae4f741045e19a32d57d19f3e0676d589df0575008ea5004", size = 233453 },
    { url = "https://files.pythonhosted.org/packages/68/6a/45f108f137941a4a1238c85f28fd9d048cc46b5466d6b8dda3aba1bb9d4f/coverage-7.6.1-cp39-cp39-musllinux_1_2_i686.whl", hash = "sha256:2bdb062ea438f22d99cba0d7829c2ef0af1d768d1e4a4f528087224c90b132cb", size = 231958 },
    { url = "https://files.pythonhosted.org/packages/9b/e7/47b809099168b8b8c72ae311efc3e88c8d8a1162b3ba4b8da3cfcdb85743/coverage-7.6.1-cp39-cp39-musllinux_1_2_x86_64.whl", hash = "sha256:9c56863d44bd1c4fe2abb8a4d6f5371d197f1ac0ebdee542f07f35895fc07f36", size = 232938 },
    { url = "https://files.pythonhosted.org/packages/52/80/052222ba7058071f905435bad0ba392cc12006380731c37afaf3fe749b88/coverage-7.6.1-cp39-cp39-win32.whl", hash = "sha256:6e2cd258d7d927d09493c8df1ce9174ad01b381d4729a9d8d4e38670ca24774c", size = 209352 },
    { url = "https://files.pythonhosted.org/packages/b8/d8/1b92e0b3adcf384e98770a00ca095da1b5f7b483e6563ae4eb5e935d24a1/coverage-7.6.1-cp39-cp39-win_amd64.whl", hash = "sha256:06a737c882bd26d0d6ee7269b20b12f14a8704807a01056c80bb881a4b2ce6ca", size = 210153 },
    { url = "https://files.pythonhosted.org/packages/a5/2b/0354ed096bca64dc8e32a7cbcae28b34cb5ad0b1fe2125d6d99583313ac0/coverage-7.6.1-pp38.pp39.pp310-none-any.whl", hash = "sha256:e9a6e0eb86070e8ccaedfbd9d38fec54864f3125ab95419970575b42af7541df", size = 198926 },
]

[[package]]
name = "coverage"
version = "7.9.1"
source = { registry = "https://pypi.org/simple" }
resolution-markers = [
    "python_full_version >= '3.9'",
]
sdist = { url = "https://files.pythonhosted.org/packages/e7/e0/98670a80884f64578f0c22cd70c5e81a6e07b08167721c7487b4d70a7ca0/coverage-7.9.1.tar.gz", hash = "sha256:6cf43c78c4282708a28e466316935ec7489a9c487518a77fa68f716c67909cec", size = 813650 }
wheels = [
    { url = "https://files.pythonhosted.org/packages/c1/78/1c1c5ec58f16817c09cbacb39783c3655d54a221b6552f47ff5ac9297603/coverage-7.9.1-cp310-cp310-macosx_10_9_x86_64.whl", hash = "sha256:cc94d7c5e8423920787c33d811c0be67b7be83c705f001f7180c7b186dcf10ca", size = 212028 },
    { url = "https://files.pythonhosted.org/packages/98/db/e91b9076f3a888e3b4ad7972ea3842297a52cc52e73fd1e529856e473510/coverage-7.9.1-cp310-cp310-macosx_11_0_arm64.whl", hash = "sha256:16aa0830d0c08a2c40c264cef801db8bc4fc0e1892782e45bcacbd5889270509", size = 212420 },
    { url = "https://files.pythonhosted.org/packages/0e/d0/2b3733412954576b0aea0a16c3b6b8fbe95eb975d8bfa10b07359ead4252/coverage-7.9.1-cp310-cp310-manylinux_2_17_aarch64.manylinux2014_aarch64.whl", hash = "sha256:cf95981b126f23db63e9dbe4cf65bd71f9a6305696fa5e2262693bc4e2183f5b", size = 241529 },
    { url = "https://files.pythonhosted.org/packages/b3/00/5e2e5ae2e750a872226a68e984d4d3f3563cb01d1afb449a17aa819bc2c4/coverage-7.9.1-cp310-cp310-manylinux_2_5_i686.manylinux1_i686.manylinux_2_17_i686.manylinux2014_i686.whl", hash = "sha256:f05031cf21699785cd47cb7485f67df619e7bcdae38e0fde40d23d3d0210d3c3", size = 239403 },
    { url = "https://files.pythonhosted.org/packages/37/3b/a2c27736035156b0a7c20683afe7df498480c0dfdf503b8c878a21b6d7fb/coverage-7.9.1-cp310-cp310-manylinux_2_5_x86_64.manylinux1_x86_64.manylinux_2_17_x86_64.manylinux2014_x86_64.whl", hash = "sha256:bb4fbcab8764dc072cb651a4bcda4d11fb5658a1d8d68842a862a6610bd8cfa3", size = 240548 },
    { url = "https://files.pythonhosted.org/packages/98/f5/13d5fc074c3c0e0dc80422d9535814abf190f1254d7c3451590dc4f8b18c/coverage-7.9.1-cp310-cp310-musllinux_1_2_aarch64.whl", hash = "sha256:0f16649a7330ec307942ed27d06ee7e7a38417144620bb3d6e9a18ded8a2d3e5", size = 240459 },
    { url = "https://files.pythonhosted.org/packages/36/24/24b9676ea06102df824c4a56ffd13dc9da7904478db519efa877d16527d5/coverage-7.9.1-cp310-cp310-musllinux_1_2_i686.whl", hash = "sha256:cea0a27a89e6432705fffc178064503508e3c0184b4f061700e771a09de58187", size = 239128 },
    { url = "https://files.pythonhosted.org/packages/be/05/242b7a7d491b369ac5fee7908a6e5ba42b3030450f3ad62c645b40c23e0e/coverage-7.9.1-cp310-cp310-musllinux_1_2_x86_64.whl", hash = "sha256:e980b53a959fa53b6f05343afbd1e6f44a23ed6c23c4b4c56c6662bbb40c82ce", size = 239402 },
    { url = "https://files.pythonhosted.org/packages/73/e0/4de7f87192fa65c9c8fbaeb75507e124f82396b71de1797da5602898be32/coverage-7.9.1-cp310-cp310-win32.whl", hash = "sha256:70760b4c5560be6ca70d11f8988ee6542b003f982b32f83d5ac0b72476607b70", size = 214518 },
    { url = "https://files.pythonhosted.org/packages/d5/ab/5e4e2fe458907d2a65fab62c773671cfc5ac704f1e7a9ddd91996f66e3c2/coverage-7.9.1-cp310-cp310-win_amd64.whl", hash = "sha256:a66e8f628b71f78c0e0342003d53b53101ba4e00ea8dabb799d9dba0abbbcebe", size = 215436 },
    { url = "https://files.pythonhosted.org/packages/60/34/fa69372a07d0903a78ac103422ad34db72281c9fc625eba94ac1185da66f/coverage-7.9.1-cp311-cp311-macosx_10_9_x86_64.whl", hash = "sha256:95c765060e65c692da2d2f51a9499c5e9f5cf5453aeaf1420e3fc847cc060582", size = 212146 },
    { url = "https://files.pythonhosted.org/packages/27/f0/da1894915d2767f093f081c42afeba18e760f12fdd7a2f4acbe00564d767/coverage-7.9.1-cp311-cp311-macosx_11_0_arm64.whl", hash = "sha256:ba383dc6afd5ec5b7a0d0c23d38895db0e15bcba7fb0fa8901f245267ac30d86", size = 212536 },
    { url = "https://files.pythonhosted.org/packages/10/d5/3fc33b06e41e390f88eef111226a24e4504d216ab8e5d1a7089aa5a3c87a/coverage-7.9.1-cp311-cp311-manylinux_2_17_aarch64.manylinux2014_aarch64.whl", hash = "sha256:37ae0383f13cbdcf1e5e7014489b0d71cc0106458878ccde52e8a12ced4298ed", size = 245092 },
    { url = "https://files.pythonhosted.org/packages/0a/39/7aa901c14977aba637b78e95800edf77f29f5a380d29768c5b66f258305b/coverage-7.9.1-cp311-cp311-manylinux_2_5_i686.manylinux1_i686.manylinux_2_17_i686.manylinux2014_i686.whl", hash = "sha256:69aa417a030bf11ec46149636314c24c8d60fadb12fc0ee8f10fda0d918c879d", size = 242806 },
    { url = "https://files.pythonhosted.org/packages/43/fc/30e5cfeaf560b1fc1989227adedc11019ce4bb7cce59d65db34fe0c2d963/coverage-7.9.1-cp311-cp311-manylinux_2_5_x86_64.manylinux1_x86_64.manylinux_2_17_x86_64.manylinux2014_x86_64.whl", hash = "sha256:0a4be2a28656afe279b34d4f91c3e26eccf2f85500d4a4ff0b1f8b54bf807338", size = 244610 },
    { url = "https://files.pythonhosted.org/packages/bf/15/cca62b13f39650bc87b2b92bb03bce7f0e79dd0bf2c7529e9fc7393e4d60/coverage-7.9.1-cp311-cp311-musllinux_1_2_aarch64.whl", hash = "sha256:382e7ddd5289f140259b610e5f5c58f713d025cb2f66d0eb17e68d0a94278875", size = 244257 },
    { url = "https://files.pythonhosted.org/packages/cd/1a/c0f2abe92c29e1464dbd0ff9d56cb6c88ae2b9e21becdb38bea31fcb2f6c/coverage-7.9.1-cp311-cp311-musllinux_1_2_i686.whl", hash = "sha256:e5532482344186c543c37bfad0ee6069e8ae4fc38d073b8bc836fc8f03c9e250", size = 242309 },
    { url = "https://files.pythonhosted.org/packages/57/8d/c6fd70848bd9bf88fa90df2af5636589a8126d2170f3aade21ed53f2b67a/coverage-7.9.1-cp311-cp311-musllinux_1_2_x86_64.whl", hash = "sha256:a39d18b3f50cc121d0ce3838d32d58bd1d15dab89c910358ebefc3665712256c", size = 242898 },
    { url = "https://files.pythonhosted.org/packages/c2/9e/6ca46c7bff4675f09a66fe2797cd1ad6a24f14c9c7c3b3ebe0470a6e30b8/coverage-7.9.1-cp311-cp311-win32.whl", hash = "sha256:dd24bd8d77c98557880def750782df77ab2b6885a18483dc8588792247174b32", size = 214561 },
    { url = "https://files.pythonhosted.org/packages/a1/30/166978c6302010742dabcdc425fa0f938fa5a800908e39aff37a7a876a13/coverage-7.9.1-cp311-cp311-win_amd64.whl", hash = "sha256:6b55ad10a35a21b8015eabddc9ba31eb590f54adc9cd39bcf09ff5349fd52125", size = 215493 },
    { url = "https://files.pythonhosted.org/packages/60/07/a6d2342cd80a5be9f0eeab115bc5ebb3917b4a64c2953534273cf9bc7ae6/coverage-7.9.1-cp311-cp311-win_arm64.whl", hash = "sha256:6ad935f0016be24c0e97fc8c40c465f9c4b85cbbe6eac48934c0dc4d2568321e", size = 213869 },
    { url = "https://files.pythonhosted.org/packages/68/d9/7f66eb0a8f2fce222de7bdc2046ec41cb31fe33fb55a330037833fb88afc/coverage-7.9.1-cp312-cp312-macosx_10_13_x86_64.whl", hash = "sha256:a8de12b4b87c20de895f10567639c0797b621b22897b0af3ce4b4e204a743626", size = 212336 },
    { url = "https://files.pythonhosted.org/packages/20/20/e07cb920ef3addf20f052ee3d54906e57407b6aeee3227a9c91eea38a665/coverage-7.9.1-cp312-cp312-macosx_11_0_arm64.whl", hash = "sha256:5add197315a054e92cee1b5f686a2bcba60c4c3e66ee3de77ace6c867bdee7cb", size = 212571 },
    { url = "https://files.pythonhosted.org/packages/78/f8/96f155de7e9e248ca9c8ff1a40a521d944ba48bec65352da9be2463745bf/coverage-7.9.1-cp312-cp312-manylinux_2_17_aarch64.manylinux2014_aarch64.whl", hash = "sha256:600a1d4106fe66f41e5d0136dfbc68fe7200a5cbe85610ddf094f8f22e1b0300", size = 246377 },
    { url = "https://files.pythonhosted.org/packages/3e/cf/1d783bd05b7bca5c10ded5f946068909372e94615a4416afadfe3f63492d/coverage-7.9.1-cp312-cp312-manylinux_2_5_i686.manylinux1_i686.manylinux_2_17_i686.manylinux2014_i686.whl", hash = "sha256:2a876e4c3e5a2a1715a6608906aa5a2e0475b9c0f68343c2ada98110512ab1d8", size = 243394 },
    { url = "https://files.pythonhosted.org/packages/02/dd/e7b20afd35b0a1abea09fb3998e1abc9f9bd953bee548f235aebd2b11401/coverage-7.9.1-cp312-cp312-manylinux_2_5_x86_64.manylinux1_x86_64.manylinux_2_17_x86_64.manylinux2014_x86_64.whl", hash = "sha256:81f34346dd63010453922c8e628a52ea2d2ccd73cb2487f7700ac531b247c8a5", size = 245586 },
    { url = "https://files.pythonhosted.org/packages/4e/38/b30b0006fea9d617d1cb8e43b1bc9a96af11eff42b87eb8c716cf4d37469/coverage-7.9.1-cp312-cp312-musllinux_1_2_aarch64.whl", hash = "sha256:888f8eee13f2377ce86d44f338968eedec3291876b0b8a7289247ba52cb984cd", size = 245396 },
    { url = "https://files.pythonhosted.org/packages/31/e4/4d8ec1dc826e16791f3daf1b50943e8e7e1eb70e8efa7abb03936ff48418/coverage-7.9.1-cp312-cp312-musllinux_1_2_i686.whl", hash = "sha256:9969ef1e69b8c8e1e70d591f91bbc37fc9a3621e447525d1602801a24ceda898", size = 243577 },
    { url = "https://files.pythonhosted.org/packages/25/f4/b0e96c5c38e6e40ef465c4bc7f138863e2909c00e54a331da335faf0d81a/coverage-7.9.1-cp312-cp312-musllinux_1_2_x86_64.whl", hash = "sha256:60c458224331ee3f1a5b472773e4a085cc27a86a0b48205409d364272d67140d", size = 244809 },
    { url = "https://files.pythonhosted.org/packages/8a/65/27e0a1fa5e2e5079bdca4521be2f5dabf516f94e29a0defed35ac2382eb2/coverage-7.9.1-cp312-cp312-win32.whl", hash = "sha256:5f646a99a8c2b3ff4c6a6e081f78fad0dde275cd59f8f49dc4eab2e394332e74", size = 214724 },
    { url = "https://files.pythonhosted.org/packages/9b/a8/d5b128633fd1a5e0401a4160d02fa15986209a9e47717174f99dc2f7166d/coverage-7.9.1-cp312-cp312-win_amd64.whl", hash = "sha256:30f445f85c353090b83e552dcbbdad3ec84c7967e108c3ae54556ca69955563e", size = 215535 },
    { url = "https://files.pythonhosted.org/packages/a3/37/84bba9d2afabc3611f3e4325ee2c6a47cd449b580d4a606b240ce5a6f9bf/coverage-7.9.1-cp312-cp312-win_arm64.whl", hash = "sha256:af41da5dca398d3474129c58cb2b106a5d93bbb196be0d307ac82311ca234342", size = 213904 },
    { url = "https://files.pythonhosted.org/packages/d0/a7/a027970c991ca90f24e968999f7d509332daf6b8c3533d68633930aaebac/coverage-7.9.1-cp313-cp313-macosx_10_13_x86_64.whl", hash = "sha256:31324f18d5969feef7344a932c32428a2d1a3e50b15a6404e97cba1cc9b2c631", size = 212358 },
    { url = "https://files.pythonhosted.org/packages/f2/48/6aaed3651ae83b231556750280682528fea8ac7f1232834573472d83e459/coverage-7.9.1-cp313-cp313-macosx_11_0_arm64.whl", hash = "sha256:0c804506d624e8a20fb3108764c52e0eef664e29d21692afa375e0dd98dc384f", size = 212620 },
    { url = "https://files.pythonhosted.org/packages/6c/2a/f4b613f3b44d8b9f144847c89151992b2b6b79cbc506dee89ad0c35f209d/coverage-7.9.1-cp313-cp313-manylinux_2_17_aarch64.manylinux2014_aarch64.whl", hash = "sha256:ef64c27bc40189f36fcc50c3fb8f16ccda73b6a0b80d9bd6e6ce4cffcd810bbd", size = 245788 },
    { url = "https://files.pythonhosted.org/packages/04/d2/de4fdc03af5e4e035ef420ed26a703c6ad3d7a07aff2e959eb84e3b19ca8/coverage-7.9.1-cp313-cp313-manylinux_2_5_i686.manylinux1_i686.manylinux_2_17_i686.manylinux2014_i686.whl", hash = "sha256:d4fe2348cc6ec372e25adec0219ee2334a68d2f5222e0cba9c0d613394e12d86", size = 243001 },
    { url = "https://files.pythonhosted.org/packages/f5/e8/eed18aa5583b0423ab7f04e34659e51101135c41cd1dcb33ac1d7013a6d6/coverage-7.9.1-cp313-cp313-manylinux_2_5_x86_64.manylinux1_x86_64.manylinux_2_17_x86_64.manylinux2014_x86_64.whl", hash = "sha256:34ed2186fe52fcc24d4561041979a0dec69adae7bce2ae8d1c49eace13e55c43", size = 244985 },
    { url = "https://files.pythonhosted.org/packages/17/f8/ae9e5cce8885728c934eaa58ebfa8281d488ef2afa81c3dbc8ee9e6d80db/coverage-7.9.1-cp313-cp313-musllinux_1_2_aarch64.whl", hash = "sha256:25308bd3d00d5eedd5ae7d4357161f4df743e3c0240fa773ee1b0f75e6c7c0f1", size = 245152 },
    { url = "https://files.pythonhosted.org/packages/5a/c8/272c01ae792bb3af9b30fac14d71d63371db227980682836ec388e2c57c0/coverage-7.9.1-cp313-cp313-musllinux_1_2_i686.whl", hash = "sha256:73e9439310f65d55a5a1e0564b48e34f5369bee943d72c88378f2d576f5a5751", size = 243123 },
    { url = "https://files.pythonhosted.org/packages/8c/d0/2819a1e3086143c094ab446e3bdf07138527a7b88cb235c488e78150ba7a/coverage-7.9.1-cp313-cp313-musllinux_1_2_x86_64.whl", hash = "sha256:37ab6be0859141b53aa89412a82454b482c81cf750de4f29223d52268a86de67", size = 244506 },
    { url = "https://files.pythonhosted.org/packages/8b/4e/9f6117b89152df7b6112f65c7a4ed1f2f5ec8e60c4be8f351d91e7acc848/coverage-7.9.1-cp313-cp313-win32.whl", hash = "sha256:64bdd969456e2d02a8b08aa047a92d269c7ac1f47e0c977675d550c9a0863643", size = 214766 },
    { url = "https://files.pythonhosted.org/packages/27/0f/4b59f7c93b52c2c4ce7387c5a4e135e49891bb3b7408dcc98fe44033bbe0/coverage-7.9.1-cp313-cp313-win_amd64.whl", hash = "sha256:be9e3f68ca9edb897c2184ad0eee815c635565dbe7a0e7e814dc1f7cbab92c0a", size = 215568 },
    { url = "https://files.pythonhosted.org/packages/09/1e/9679826336f8c67b9c39a359352882b24a8a7aee48d4c9cad08d38d7510f/coverage-7.9.1-cp313-cp313-win_arm64.whl", hash = "sha256:1c503289ffef1d5105d91bbb4d62cbe4b14bec4d13ca225f9c73cde9bb46207d", size = 213939 },
    { url = "https://files.pythonhosted.org/packages/bb/5b/5c6b4e7a407359a2e3b27bf9c8a7b658127975def62077d441b93a30dbe8/coverage-7.9.1-cp313-cp313t-macosx_10_13_x86_64.whl", hash = "sha256:0b3496922cb5f4215bf5caaef4cf12364a26b0be82e9ed6d050f3352cf2d7ef0", size = 213079 },
    { url = "https://files.pythonhosted.org/packages/a2/22/1e2e07279fd2fd97ae26c01cc2186e2258850e9ec125ae87184225662e89/coverage-7.9.1-cp313-cp313t-macosx_11_0_arm64.whl", hash = "sha256:9565c3ab1c93310569ec0d86b017f128f027cab0b622b7af288696d7ed43a16d", size = 213299 },
    { url = "https://files.pythonhosted.org/packages/14/c0/4c5125a4b69d66b8c85986d3321520f628756cf524af810baab0790c7647/coverage-7.9.1-cp313-cp313t-manylinux_2_17_aarch64.manylinux2014_aarch64.whl", hash = "sha256:2241ad5dbf79ae1d9c08fe52b36d03ca122fb9ac6bca0f34439e99f8327ac89f", size = 256535 },
    { url = "https://files.pythonhosted.org/packages/81/8b/e36a04889dda9960be4263e95e777e7b46f1bb4fc32202612c130a20c4da/coverage-7.9.1-cp313-cp313t-manylinux_2_5_i686.manylinux1_i686.manylinux_2_17_i686.manylinux2014_i686.whl", hash = "sha256:3bb5838701ca68b10ebc0937dbd0eb81974bac54447c55cd58dea5bca8451029", size = 252756 },
    { url = "https://files.pythonhosted.org/packages/98/82/be04eff8083a09a4622ecd0e1f31a2c563dbea3ed848069e7b0445043a70/coverage-7.9.1-cp313-cp313t-manylinux_2_5_x86_64.manylinux1_x86_64.manylinux_2_17_x86_64.manylinux2014_x86_64.whl", hash = "sha256:b30a25f814591a8c0c5372c11ac8967f669b97444c47fd794926e175c4047ece", size = 254912 },
    { url = "https://files.pythonhosted.org/packages/0f/25/c26610a2c7f018508a5ab958e5b3202d900422cf7cdca7670b6b8ca4e8df/coverage-7.9.1-cp313-cp313t-musllinux_1_2_aarch64.whl", hash = "sha256:2d04b16a6062516df97969f1ae7efd0de9c31eb6ebdceaa0d213b21c0ca1a683", size = 256144 },
    { url = "https://files.pythonhosted.org/packages/c5/8b/fb9425c4684066c79e863f1e6e7ecebb49e3a64d9f7f7860ef1688c56f4a/coverage-7.9.1-cp313-cp313t-musllinux_1_2_i686.whl", hash = "sha256:7931b9e249edefb07cd6ae10c702788546341d5fe44db5b6108a25da4dca513f", size = 254257 },
    { url = "https://files.pythonhosted.org/packages/93/df/27b882f54157fc1131e0e215b0da3b8d608d9b8ef79a045280118a8f98fe/coverage-7.9.1-cp313-cp313t-musllinux_1_2_x86_64.whl", hash = "sha256:52e92b01041151bf607ee858e5a56c62d4b70f4dac85b8c8cb7fb8a351ab2c10", size = 255094 },
    { url = "https://files.pythonhosted.org/packages/41/5f/cad1c3dbed8b3ee9e16fa832afe365b4e3eeab1fb6edb65ebbf745eabc92/coverage-7.9.1-cp313-cp313t-win32.whl", hash = "sha256:684e2110ed84fd1ca5f40e89aa44adf1729dc85444004111aa01866507adf363", size = 215437 },
    { url = "https://files.pythonhosted.org/packages/99/4d/fad293bf081c0e43331ca745ff63673badc20afea2104b431cdd8c278b4c/coverage-7.9.1-cp313-cp313t-win_amd64.whl", hash = "sha256:437c576979e4db840539674e68c84b3cda82bc824dd138d56bead1435f1cb5d7", size = 216605 },
    { url = "https://files.pythonhosted.org/packages/1f/56/4ee027d5965fc7fc126d7ec1187529cc30cc7d740846e1ecb5e92d31b224/coverage-7.9.1-cp313-cp313t-win_arm64.whl", hash = "sha256:18a0912944d70aaf5f399e350445738a1a20b50fbea788f640751c2ed9208b6c", size = 214392 },
    { url = "https://files.pythonhosted.org/packages/a5/d6/c41dd9b02bf16ec001aaf1cbef665537606899a3db1094e78f5ae17540ca/coverage-7.9.1-cp39-cp39-macosx_10_9_x86_64.whl", hash = "sha256:6f424507f57878e424d9a95dc4ead3fbdd72fd201e404e861e465f28ea469951", size = 212029 },
    { url = "https://files.pythonhosted.org/packages/f8/c0/40420d81d731f84c3916dcdf0506b3e6c6570817bff2576b83f780914ae6/coverage-7.9.1-cp39-cp39-macosx_11_0_arm64.whl", hash = "sha256:535fde4001b2783ac80865d90e7cc7798b6b126f4cd8a8c54acfe76804e54e58", size = 212407 },
    { url = "https://files.pythonhosted.org/packages/9b/87/f0db7d62d0e09f14d6d2f6ae8c7274a2f09edf74895a34b412a0601e375a/coverage-7.9.1-cp39-cp39-manylinux_2_17_aarch64.manylinux2014_aarch64.whl", hash = "sha256:02532fd3290bb8fa6bec876520842428e2a6ed6c27014eca81b031c2d30e3f71", size = 241160 },
    { url = "https://files.pythonhosted.org/packages/a9/b7/3337c064f058a5d7696c4867159651a5b5fb01a5202bcf37362f0c51400e/coverage-7.9.1-cp39-cp39-manylinux_2_5_i686.manylinux1_i686.manylinux_2_17_i686.manylinux2014_i686.whl", hash = "sha256:56f5eb308b17bca3bbff810f55ee26d51926d9f89ba92707ee41d3c061257e55", size = 239027 },
    { url = "https://files.pythonhosted.org/packages/7e/a9/5898a283f66d1bd413c32c2e0e05408196fd4f37e206e2b06c6e0c626e0e/coverage-7.9.1-cp39-cp39-manylinux_2_5_x86_64.manylinux1_x86_64.manylinux_2_17_x86_64.manylinux2014_x86_64.whl", hash = "sha256:bfa447506c1a52271f1b0de3f42ea0fa14676052549095e378d5bff1c505ff7b", size = 240145 },
    { url = "https://files.pythonhosted.org/packages/e0/33/d96e3350078a3c423c549cb5b2ba970de24c5257954d3e4066e2b2152d30/coverage-7.9.1-cp39-cp39-musllinux_1_2_aarch64.whl", hash = "sha256:9ca8e220006966b4a7b68e8984a6aee645a0384b0769e829ba60281fe61ec4f7", size = 239871 },
    { url = "https://files.pythonhosted.org/packages/1d/6e/6fb946072455f71a820cac144d49d11747a0f1a21038060a68d2d0200499/coverage-7.9.1-cp39-cp39-musllinux_1_2_i686.whl", hash = "sha256:49f1d0788ba5b7ba65933f3a18864117c6506619f5ca80326b478f72acf3f385", size = 238122 },
    { url = "https://files.pythonhosted.org/packages/e4/5c/bc43f25c8586840ce25a796a8111acf6a2b5f0909ba89a10d41ccff3920d/coverage-7.9.1-cp39-cp39-musllinux_1_2_x86_64.whl", hash = "sha256:68cd53aec6f45b8e4724c0950ce86eacb775c6be01ce6e3669fe4f3a21e768ed", size = 239058 },
    { url = "https://files.pythonhosted.org/packages/11/d8/ce2007418dd7fd00ff8c8b898bb150bb4bac2d6a86df05d7b88a07ff595f/coverage-7.9.1-cp39-cp39-win32.whl", hash = "sha256:95335095b6c7b1cc14c3f3f17d5452ce677e8490d101698562b2ffcacc304c8d", size = 214532 },
    { url = "https://files.pythonhosted.org/packages/20/21/334e76fa246e92e6d69cab217f7c8a70ae0cc8f01438bd0544103f29528e/coverage-7.9.1-cp39-cp39-win_amd64.whl", hash = "sha256:e1b5191d1648acc439b24721caab2fd0c86679d8549ed2c84d5a7ec1bedcc244", size = 215439 },
    { url = "https://files.pythonhosted.org/packages/3e/e5/c723545c3fd3204ebde3b4cc4b927dce709d3b6dc577754bb57f63ca4a4a/coverage-7.9.1-pp39.pp310.pp311-none-any.whl", hash = "sha256:db0f04118d1db74db6c9e1cb1898532c7dcc220f1d2718f058601f7c3f499514", size = 204009 },
    { url = "https://files.pythonhosted.org/packages/08/b8/7ddd1e8ba9701dea08ce22029917140e6f66a859427406579fd8d0ca7274/coverage-7.9.1-py3-none-any.whl", hash = "sha256:66b974b145aa189516b6bf2d8423e888b742517d37872f6ee4c5be0073bd9a3c", size = 204000 },
]

[[package]]
name = "django"
version = "4.0.5"
source = { registry = "https://pypi.org/simple" }
dependencies = [
    { name = "asgiref" },
    { name = "backports-zoneinfo", marker = "python_full_version < '3.9'" },
    { name = "sqlparse" },
    { name = "tzdata", marker = "sys_platform == 'win32'" },
]
sdist = { url = "https://files.pythonhosted.org/packages/5a/4c/93120fb4275d06c3645c94f2e26fe87f3f52258b61c183b25c630ba34d3a/Django-4.0.5.tar.gz", hash = "sha256:f7431a5de7277966f3785557c3928433347d998c1e6459324501378a291e5aab", size = 10410720 }
wheels = [
    { url = "https://files.pythonhosted.org/packages/ec/71/950794da9635865d27c92a6955083264eabb004c2c12c077036194620823/Django-4.0.5-py3-none-any.whl", hash = "sha256:502ae42b6ab1b612c933fb50d5ff850facf858a4c212f76946ecd8ea5b3bf2d9", size = 8041794 },
]

[[package]]
name = "django-extensions"
version = "3.1.5"
source = { registry = "https://pypi.org/simple" }
dependencies = [
    { name = "django" },
]
sdist = { url = "https://files.pythonhosted.org/packages/0d/92/460f3bd8438a3b96730bf237b5c32a719aae9dc6f98edca327d328622f93/django-extensions-3.1.5.tar.gz", hash = "sha256:28e1e1bf49f0e00307ba574d645b0af3564c981a6dfc87209d48cb98f77d0b1a", size = 614942 }
wheels = [
    { url = "https://files.pythonhosted.org/packages/88/f5/c9e33d0defe54d95efc29b866ca15c7443fdf8c2a1836983e58dec5e42a7/django_extensions-3.1.5-py3-none-any.whl", hash = "sha256:9238b9e016bb0009d621e05cf56ea8ce5cce9b32e91ad2026996a7377ca28069", size = 224212 },
]

[[package]]
name = "pyvegas-mtg-django"
version = "0.1.0"
source = { editable = "." }
dependencies = [
    { name = "django" },
    { name = "django-extensions" },
]

[package.dev-dependencies]
dev = [
    { name = "coverage", version = "7.6.1", source = { registry = "https://pypi.org/simple" }, marker = "python_full_version < '3.9'" },
    { name = "coverage", version = "7.9.1", source = { registry = "https://pypi.org/simple" }, marker = "python_full_version >= '3.9'" },
]

[package.metadata]
requires-dist = [
    { name = "django", specifier = "==4.0.5" },
    { name = "django-extensions", specifier = "==3.1.5" },
]
provides-extras = ["dev"]

[package.metadata.requires-dev]
dev = [{ name = "coverage", specifier = ">=7.6.1" }]

[[package]]
name = "sqlparse"
version = "0.4.2"
source = { registry = "https://pypi.org/simple" }
sdist = { url = "https://files.pythonhosted.org/packages/32/fe/8a8575debfd924c8160295686a7ea661107fc34d831429cce212b6442edb/sqlparse-0.4.2.tar.gz", hash = "sha256:0c00730c74263a94e5a9919ade150dfc3b19c574389985446148402998287dae", size = 67771 }
wheels = [
    { url = "https://files.pythonhosted.org/packages/05/40/d836d55fb3f467243ee839ab7b814822fda522cd395fa41e282684e71ee5/sqlparse-0.4.2-py3-none-any.whl", hash = "sha256:48719e356bb8b42991bdbb1e8b83223757b93789c00910a616a071910ca4a64d", size = 42309 },
]

[[package]]
name = "tzdata"
version = "2025.2"
source = { registry = "https://pypi.org/simple" }
sdist = { url = "https://files.pythonhosted.org/packages/95/32/1a225d6164441be760d75c2c42e2780dc0873fe382da3e98a2e1e48361e5/tzdata-2025.2.tar.gz", hash = "sha256:b60a638fcc0daffadf82fe0f57e53d06bdec2f36c4df66280ae79bce6bd6f2b9", size = 196380 }
wheels = [
    { url = "https://files.pythonhosted.org/packages/5c/23/c7abc0ca0a1526a0774eca151daeb8de62ec457e77262b66b359c3c7679e/tzdata-2025.2-py2.py3-none-any.whl", hash = "sha256:1a403fada01ff9221ca8044d701868fa132215d84beb92242d9acd2147f667a8", size = 347839 },
]
